# This file is automatically @generated by Poetry 1.8.3 and should not be changed by hand.

[[package]]
name = "aiofiles"
version = "24.1.0"
description = "File support for asyncio."
optional = false
python-versions = ">=3.8"
files = [
    {file = "aiofiles-24.1.0-py3-none-any.whl", hash = "sha256:b4ec55f4195e3eb5d7abd1bf7e061763e864dd4954231fb8539a0ef8bb8260e5"},
    {file = "aiofiles-24.1.0.tar.gz", hash = "sha256:22a075c9e5a3810f0c2e48f3008c94d68c65d763b9b03857924c99e57355166c"},
]

[[package]]
name = "annotated-types"
version = "0.7.0"
description = "Reusable constraint types to use with typing.Annotated"
optional = false
python-versions = ">=3.8"
files = [
    {file = "annotated_types-0.7.0-py3-none-any.whl", hash = "sha256:1f02e8b43a8fbbc3f3e0d4f0f4bfc8131bcb4eebe8849b8e5c773f3a1c582a53"},
    {file = "annotated_types-0.7.0.tar.gz", hash = "sha256:aff07c09a53a08bc8cfccb9c85b05f1aa9a2a6f23728d790723543408344ce89"},
]

[[package]]
name = "cfgv"
version = "3.4.0"
description = "Validate configuration and produce human readable error messages."
optional = false
python-versions = ">=3.8"
files = [
    {file = "cfgv-3.4.0-py2.py3-none-any.whl", hash = "sha256:b7265b1f29fd3316bfcd2b330d63d024f2bfd8bcb8b0272f8e19a504856c48f9"},
    {file = "cfgv-3.4.0.tar.gz", hash = "sha256:e52591d4c5f5dead8e0f673fb16db7949d2cfb3f7da4582893288f0ded8fe560"},
]

[[package]]
name = "colorama"
version = "0.4.6"
description = "Cross-platform colored terminal text."
optional = false
python-versions = "!=3.0.*,!=3.1.*,!=3.2.*,!=3.3.*,!=3.4.*,!=3.5.*,!=3.6.*,>=2.7"
files = [
    {file = "colorama-0.4.6-py2.py3-none-any.whl", hash = "sha256:4f1d9991f5acc0ca119f9d443620b77f9d6b33703e51011c16baf57afb285fc6"},
    {file = "colorama-0.4.6.tar.gz", hash = "sha256:08695f5cb7ed6e0531a20572697297273c47b8cae5a63ffc6d6ed5c201be6e44"},
]

[[package]]
name = "distlib"
version = "0.3.8"
description = "Distribution utilities"
optional = false
python-versions = "*"
files = [
    {file = "distlib-0.3.8-py2.py3-none-any.whl", hash = "sha256:034db59a0b96f8ca18035f36290806a9a6e6bd9d1ff91e45a7f172eb17e51784"},
    {file = "distlib-0.3.8.tar.gz", hash = "sha256:1530ea13e350031b6312d8580ddb6b27a104275a31106523b8f123787f494f64"},
]

[[package]]
name = "filelock"
version = "3.15.4"
description = "A platform independent file lock."
optional = false
python-versions = ">=3.8"
files = [
    {file = "filelock-3.15.4-py3-none-any.whl", hash = "sha256:6ca1fffae96225dab4c6eaf1c4f4f28cd2568d3ec2a44e15a08520504de468e7"},
    {file = "filelock-3.15.4.tar.gz", hash = "sha256:2207938cbc1844345cb01a5a95524dae30f0ce089eba5b00378295a17e3e90cb"},
]

[package.extras]
docs = ["furo (>=2023.9.10)", "sphinx (>=7.2.6)", "sphinx-autodoc-typehints (>=1.25.2)"]
testing = ["covdefaults (>=2.3)", "coverage (>=7.3.2)", "diff-cover (>=8.0.1)", "pytest (>=7.4.3)", "pytest-asyncio (>=0.21)", "pytest-cov (>=4.1)", "pytest-mock (>=3.12)", "pytest-timeout (>=2.2)", "virtualenv (>=20.26.2)"]
typing = ["typing-extensions (>=4.8)"]

[[package]]
name = "identify"
version = "2.6.0"
description = "File identification library for Python"
optional = false
python-versions = ">=3.8"
files = [
    {file = "identify-2.6.0-py2.py3-none-any.whl", hash = "sha256:e79ae4406387a9d300332b5fd366d8994f1525e8414984e1a59e058b2eda2dd0"},
    {file = "identify-2.6.0.tar.gz", hash = "sha256:cb171c685bdc31bcc4c1734698736a7d5b6c8bf2e0c15117f4d469c8640ae5cf"},
]

[package.extras]
license = ["ukkonen"]

[[package]]
name = "iniconfig"
version = "2.0.0"
description = "brain-dead simple config-ini parsing"
optional = false
python-versions = ">=3.7"
files = [
    {file = "iniconfig-2.0.0-py3-none-any.whl", hash = "sha256:b6a85871a79d2e3b22d2d1b94ac2824226a63c6b741c88f7ae975f18b6778374"},
    {file = "iniconfig-2.0.0.tar.gz", hash = "sha256:2d91e135bf72d31a410b17c16da610a82cb55f6b0477d1a902134b24a455b8b3"},
]

[[package]]
name = "nodeenv"
version = "1.9.1"
description = "Node.js virtual environment builder"
optional = false
python-versions = "!=3.0.*,!=3.1.*,!=3.2.*,!=3.3.*,!=3.4.*,!=3.5.*,!=3.6.*,>=2.7"
files = [
    {file = "nodeenv-1.9.1-py2.py3-none-any.whl", hash = "sha256:ba11c9782d29c27c70ffbdda2d7415098754709be8a7056d79a737cd901155c9"},
    {file = "nodeenv-1.9.1.tar.gz", hash = "sha256:6ec12890a2dab7946721edbfbcd91f3319c6ccc9aec47be7c7e6b7011ee6645f"},
]

[[package]]
name = "packaging"
version = "24.1"
description = "Core utilities for Python packages"
optional = false
python-versions = ">=3.8"
files = [
    {file = "packaging-24.1-py3-none-any.whl", hash = "sha256:5b8f2217dbdbd2f7f384c41c628544e6d52f2d0f53c6d0c3ea61aa5d1d7ff124"},
    {file = "packaging-24.1.tar.gz", hash = "sha256:026ed72c8ed3fcce5bf8950572258698927fd1dbda10a5e981cdf0ac37f4f002"},
]

[[package]]
name = "platformdirs"
version = "4.2.2"
description = "A small Python package for determining appropriate platform-specific dirs, e.g. a `user data dir`."
optional = false
python-versions = ">=3.8"
files = [
    {file = "platformdirs-4.2.2-py3-none-any.whl", hash = "sha256:2d7a1657e36a80ea911db832a8a6ece5ee53d8de21edd5cc5879af6530b1bfee"},
    {file = "platformdirs-4.2.2.tar.gz", hash = "sha256:38b7b51f512eed9e84a22788b4bce1de17c0adb134d6becb09836e37d8654cd3"},
]

[package.extras]
docs = ["furo (>=2023.9.10)", "proselint (>=0.13)", "sphinx (>=7.2.6)", "sphinx-autodoc-typehints (>=1.25.2)"]
test = ["appdirs (==1.4.4)", "covdefaults (>=2.3)", "pytest (>=7.4.3)", "pytest-cov (>=4.1)", "pytest-mock (>=3.12)"]
type = ["mypy (>=1.8)"]

[[package]]
name = "pluggy"
version = "1.5.0"
description = "plugin and hook calling mechanisms for python"
optional = false
python-versions = ">=3.8"
files = [
    {file = "pluggy-1.5.0-py3-none-any.whl", hash = "sha256:44e1ad92c8ca002de6377e165f3e0f1be63266ab4d554740532335b9d75ea669"},
    {file = "pluggy-1.5.0.tar.gz", hash = "sha256:2cffa88e94fdc978c4c574f15f9e59b7f4201d439195c3715ca9e2486f1d0cf1"},
]

[package.extras]
dev = ["pre-commit", "tox"]
testing = ["pytest", "pytest-benchmark"]

[[package]]
name = "pre-commit"
version = "3.8.0"
description = "A framework for managing and maintaining multi-language pre-commit hooks."
optional = false
python-versions = ">=3.9"
files = [
    {file = "pre_commit-3.8.0-py2.py3-none-any.whl", hash = "sha256:9a90a53bf82fdd8778d58085faf8d83df56e40dfe18f45b19446e26bf1b3a63f"},
    {file = "pre_commit-3.8.0.tar.gz", hash = "sha256:8bb6494d4a20423842e198980c9ecf9f96607a07ea29549e180eef9ae80fe7af"},
]

[package.dependencies]
cfgv = ">=2.0.0"
identify = ">=1.0.0"
nodeenv = ">=0.11.1"
pyyaml = ">=5.1"
virtualenv = ">=20.10.0"

[[package]]
name = "pydantic"
version = "2.9.0b2"
description = "Data validation using Python type hints"
optional = false
python-versions = ">=3.8"
files = [
    {file = "pydantic-2.9.0b2-py3-none-any.whl", hash = "sha256:622eb51c75ed670de8f53f2706cfd8f06e01f65ec71b699472a52f32fcab09dd"},
    {file = "pydantic-2.9.0b2.tar.gz", hash = "sha256:1aeadface048243a76d05fcdb720f06465a3949bd4fe61cceea1483713ed200e"},
]

[package.dependencies]
annotated-types = ">=0.4.0"
pydantic-core = "2.23.1"
typing-extensions = [
    {version = ">=4.12.2", markers = "python_version >= \"3.13\""},
    {version = ">=4.6.1", markers = "python_version < \"3.13\""},
]
tzdata = {version = "*", markers = "python_version >= \"3.9\""}

[package.extras]
email = ["email-validator (>=2.0.0)"]

[[package]]
name = "pydantic-core"
version = "2.23.1"
description = "Core functionality for Pydantic validation and serialization"
optional = false
python-versions = ">=3.8"
files = [
    {file = "pydantic_core-2.23.1-cp310-cp310-macosx_10_12_x86_64.whl", hash = "sha256:78b02f84640a019e6047c92b4fb2c11c30c9c6ccd8d2966875d29d7650924bd8"},
    {file = "pydantic_core-2.23.1-cp310-cp310-macosx_11_0_arm64.whl", hash = "sha256:9fb8e75b67c05c2c7f0c0850b6fc7fc4e8ac101b1dd8d756a5f86cce42719ba1"},
    {file = "pydantic_core-2.23.1-cp310-cp310-manylinux_2_17_aarch64.manylinux2014_aarch64.whl", hash = "sha256:56cbb7ee53d2759b0c962595f33de36f63d31c45f88a94ef238e9e86a03bd42c"},
    {file = "pydantic_core-2.23.1-cp310-cp310-manylinux_2_17_armv7l.manylinux2014_armv7l.whl", hash = "sha256:88a17eefe87873329086ec6c89295a3eb3eef7e54ebd307417a89d9b1fc5c02f"},
    {file = "pydantic_core-2.23.1-cp310-cp310-manylinux_2_17_ppc64le.manylinux2014_ppc64le.whl", hash = "sha256:189008f80d1de57b659b37287cac704deecaca152e9f435281b505b101febc23"},
    {file = "pydantic_core-2.23.1-cp310-cp310-manylinux_2_17_s390x.manylinux2014_s390x.whl", hash = "sha256:9a67a959919b4e28969c240a68f1000bfa11cf6f892eb31a236e4d1a696edef3"},
    {file = "pydantic_core-2.23.1-cp310-cp310-manylinux_2_17_x86_64.manylinux2014_x86_64.whl", hash = "sha256:f7742c1874b15d89f44dc287f9562b6447cd9cbfc858fdce00cfdb7d97cd53ec"},
    {file = "pydantic_core-2.23.1-cp310-cp310-manylinux_2_5_i686.manylinux1_i686.whl", hash = "sha256:0a89295e3a7b66267d4eefcaba054bee732821c4c5ef8d7a70e9cffd81fc6e31"},
    {file = "pydantic_core-2.23.1-cp310-cp310-musllinux_1_1_aarch64.whl", hash = "sha256:bbaa71734f9324903127c0409ba7947d0594bb0d4598fc25f05e4fb747350f7e"},
    {file = "pydantic_core-2.23.1-cp310-cp310-musllinux_1_1_x86_64.whl", hash = "sha256:9c71ccf9d306047452f803b65f229c02bccaab0c2cbd477f99774eb121df1c5f"},
    {file = "pydantic_core-2.23.1-cp310-none-win32.whl", hash = "sha256:a303360a0840c11582abd940018890c78496fa04dd2667322a1416c87265c3d4"},
    {file = "pydantic_core-2.23.1-cp310-none-win_amd64.whl", hash = "sha256:648707577e921b77d00252801fa07a65db076da25195e642fc11683d5ba4c6f6"},
    {file = "pydantic_core-2.23.1-cp311-cp311-macosx_10_12_x86_64.whl", hash = "sha256:0bed69450e904ef4e71a4f6b7d7efd8186b33863d685eaf6110a8015f0c9c027"},
    {file = "pydantic_core-2.23.1-cp311-cp311-macosx_11_0_arm64.whl", hash = "sha256:6a1bfa416b6abed69db08d3ef7c51074c893feb870ffdb8f5b1f207fe53731b8"},
    {file = "pydantic_core-2.23.1-cp311-cp311-manylinux_2_17_aarch64.manylinux2014_aarch64.whl", hash = "sha256:6da375565d5ea446dc59e7360926daca18fd6dc2fcdb8eb3f7e3cc084b43b1cf"},
    {file = "pydantic_core-2.23.1-cp311-cp311-manylinux_2_17_armv7l.manylinux2014_armv7l.whl", hash = "sha256:5709b0c54340c6982120f9839654db6b0b0009a84e9c1fec4d8f82d5929ca264"},
    {file = "pydantic_core-2.23.1-cp311-cp311-manylinux_2_17_ppc64le.manylinux2014_ppc64le.whl", hash = "sha256:83cd436d0cde245a6b91c5e184e5838bff98ed2ad6c79e55a04a749f3ac2cfe6"},
    {file = "pydantic_core-2.23.1-cp311-cp311-manylinux_2_17_s390x.manylinux2014_s390x.whl", hash = "sha256:3fcbafb95bf28133c165569c5f8b532ab39e04a9056f5faed19a529138ceef33"},
    {file = "pydantic_core-2.23.1-cp311-cp311-manylinux_2_17_x86_64.manylinux2014_x86_64.whl", hash = "sha256:e459f22aabc08630a77e578bea4114a057a49c6e080585ce4639378690b888d9"},
    {file = "pydantic_core-2.23.1-cp311-cp311-manylinux_2_5_i686.manylinux1_i686.whl", hash = "sha256:c977c8ff0d1a675c264b69c9dee30fea10476b84957c47687aeaceefbaf9eba0"},
    {file = "pydantic_core-2.23.1-cp311-cp311-musllinux_1_1_aarch64.whl", hash = "sha256:d4100639ef7c7f137521edba8bd0ede2c5abe0ddc202348dd020b8dee971ee41"},
    {file = "pydantic_core-2.23.1-cp311-cp311-musllinux_1_1_x86_64.whl", hash = "sha256:bf1f38bf5a9bd32b6a3bf92a3a29e2a64984db326c83eea17e2423076e1b2cbb"},
    {file = "pydantic_core-2.23.1-cp311-none-win32.whl", hash = "sha256:a6b253b770fa1b3a616c1f2ead901bb80f502ea635a1e7c53984664330c2ec12"},
    {file = "pydantic_core-2.23.1-cp311-none-win_amd64.whl", hash = "sha256:d123373421f2e810659d0d08da08bf2039282e7bdf16459d0a2bba105b0fd2fe"},
    {file = "pydantic_core-2.23.1-cp312-cp312-macosx_10_12_x86_64.whl", hash = "sha256:ab49d80a018e34d5e79478185c38924ff2339d3104a3cb3226c2557ec277f8a2"},
    {file = "pydantic_core-2.23.1-cp312-cp312-macosx_11_0_arm64.whl", hash = "sha256:b032223071564a10551a97fa4196b50b6c2c1564335f71b2a950b82e02ccf951"},
    {file = "pydantic_core-2.23.1-cp312-cp312-manylinux_2_17_aarch64.manylinux2014_aarch64.whl", hash = "sha256:c10cc5b42d5df0d3e5ca1b6f8ed477405a1f3992c42f0e937fed0b94b6d51470"},
    {file = "pydantic_core-2.23.1-cp312-cp312-manylinux_2_17_armv7l.manylinux2014_armv7l.whl", hash = "sha256:3e2444fd5599457671a569e4ccc0158beeba8222a5f38a4468e15f3c7d0d66fc"},
    {file = "pydantic_core-2.23.1-cp312-cp312-manylinux_2_17_ppc64le.manylinux2014_ppc64le.whl", hash = "sha256:d3a3683ffeee0116e57846fab3621b4d5c5b35f9407a88d57287dc1d04db0765"},
    {file = "pydantic_core-2.23.1-cp312-cp312-manylinux_2_17_s390x.manylinux2014_s390x.whl", hash = "sha256:cfacd9ae0f361c343a94267a0fabf31b4f02dd38bf9ffdd37a44f913f4804662"},
    {file = "pydantic_core-2.23.1-cp312-cp312-manylinux_2_17_x86_64.manylinux2014_x86_64.whl", hash = "sha256:2435fe50a40a016627188a690e297e11a10285d72a3051a02de13efe6f3792fb"},
    {file = "pydantic_core-2.23.1-cp312-cp312-manylinux_2_5_i686.manylinux1_i686.whl", hash = "sha256:8966c9acfb8d0604d8f0cfba48f56a5d307502c9d5287cb2d473b71ae7da11cb"},
    {file = "pydantic_core-2.23.1-cp312-cp312-musllinux_1_1_aarch64.whl", hash = "sha256:cd5435d5bd43505f9801de0ff42a29e2bf540b3b73c528ceb56c176f5c56a2e2"},
    {file = "pydantic_core-2.23.1-cp312-cp312-musllinux_1_1_x86_64.whl", hash = "sha256:4dd5c1a6078841a80ef04e337983c6df830a8434aace1f61c9d44554fd619502"},
    {file = "pydantic_core-2.23.1-cp312-none-win32.whl", hash = "sha256:4718b13ae5cf243b1df1f818e5c908338706be7bf1bd6c54c508643ac4596933"},
    {file = "pydantic_core-2.23.1-cp312-none-win_amd64.whl", hash = "sha256:5523edfe13aeeaf507fb809794572bb62247be264ad9197281b0bccb7eb5a0ae"},
    {file = "pydantic_core-2.23.1-cp313-cp313-macosx_10_12_x86_64.whl", hash = "sha256:8219764ec8df466ec5f541cdfa1857fca0bfe373281a35fa96ec37a1684a612b"},
    {file = "pydantic_core-2.23.1-cp313-cp313-macosx_11_0_arm64.whl", hash = "sha256:178b1e6ad1290cba831d2b3c846e302928ba6da9a87ae0d6614d8a56ef1f2285"},
    {file = "pydantic_core-2.23.1-cp313-cp313-manylinux_2_17_aarch64.manylinux2014_aarch64.whl", hash = "sha256:7a544f13fbcf3a7eb8398a2d0db13b4d640ddb8e511b2fc890c6c4c4968b7ccb"},
    {file = "pydantic_core-2.23.1-cp313-cp313-manylinux_2_17_armv7l.manylinux2014_armv7l.whl", hash = "sha256:3273aa949243f1a4bfb09ade15eec133806a8e73dabf8ecdaae6eb46301fbca8"},
    {file = "pydantic_core-2.23.1-cp313-cp313-manylinux_2_17_ppc64le.manylinux2014_ppc64le.whl", hash = "sha256:94efbb3e3026bace137e289a2ed7ebd0b1fd483a891c3bbcf6f7e4f8b8862a7b"},
    {file = "pydantic_core-2.23.1-cp313-cp313-manylinux_2_17_s390x.manylinux2014_s390x.whl", hash = "sha256:35e2a6c66c6528576ac9563c6db509fd0a3c4364f3aefc5834fd43ab74091dad"},
    {file = "pydantic_core-2.23.1-cp313-cp313-manylinux_2_17_x86_64.manylinux2014_x86_64.whl", hash = "sha256:8ef5ba921e4b680291a2d72b5233769d2e507452e10a9ff6e83dbb2315c8f01c"},
    {file = "pydantic_core-2.23.1-cp313-cp313-manylinux_2_5_i686.manylinux1_i686.whl", hash = "sha256:19200fb17d5e44b7ccda36ee848643cb65d23973b889e24269084377988dee25"},
    {file = "pydantic_core-2.23.1-cp313-cp313-musllinux_1_1_aarch64.whl", hash = "sha256:19f3ac00336113ef10bd4ed6c3d5d2d2c309d5f8f195273b246fa9af00e81cb3"},
    {file = "pydantic_core-2.23.1-cp313-cp313-musllinux_1_1_x86_64.whl", hash = "sha256:c275847f4afb48e84db2b486caa03ac6859fd1a434750e426ca7a3386d36a215"},
    {file = "pydantic_core-2.23.1-cp313-none-win32.whl", hash = "sha256:401a184c7c8e8d90b3077d25ce99f012b9d093f1f57b9390f52737c42f8ed3d4"},
    {file = "pydantic_core-2.23.1-cp313-none-win_amd64.whl", hash = "sha256:3c647805e383bc9eca36b96de935a6f3b9368b90ab773faccdb8438ef598fa41"},
    {file = "pydantic_core-2.23.1-cp38-cp38-macosx_10_12_x86_64.whl", hash = "sha256:73fee718bc43963fd87f820f987bfbd9b45517e77e9c30e2c9ed5c6dee13dfe3"},
    {file = "pydantic_core-2.23.1-cp38-cp38-macosx_11_0_arm64.whl", hash = "sha256:2538d5496cbbb34afef558b2bdaf74e1e5348b0f9f29472a24f923d6e4e0eda1"},
    {file = "pydantic_core-2.23.1-cp38-cp38-manylinux_2_17_aarch64.manylinux2014_aarch64.whl", hash = "sha256:508bc9533fc3c3a7f6bcb542ce291c7641acd7e9c6c7eca8a2c5097fad1abf03"},
    {file = "pydantic_core-2.23.1-cp38-cp38-manylinux_2_17_armv7l.manylinux2014_armv7l.whl", hash = "sha256:b716a29a18da9e87f92d674688e200ef96fe5cab2c2283d2425eeb7d38cd6e8b"},
    {file = "pydantic_core-2.23.1-cp38-cp38-manylinux_2_17_ppc64le.manylinux2014_ppc64le.whl", hash = "sha256:6b76a492eee676871702d883f0b09c6aef3e045bd4350d565bdf13b7aebcb29a"},
    {file = "pydantic_core-2.23.1-cp38-cp38-manylinux_2_17_s390x.manylinux2014_s390x.whl", hash = "sha256:82f6f20cd78d61008b32e38328041a5f63dc693a4be3be70239e877adb63b991"},
    {file = "pydantic_core-2.23.1-cp38-cp38-manylinux_2_17_x86_64.manylinux2014_x86_64.whl", hash = "sha256:3604a23b8050d18389967626b2f5597e6e5f5b1da07c9105465b61c5c3b43907"},
    {file = "pydantic_core-2.23.1-cp38-cp38-manylinux_2_5_i686.manylinux1_i686.whl", hash = "sha256:fd401a7e1e38590fe0427328efca287b85ab528955f8d3636c886ad24d0681cd"},
    {file = "pydantic_core-2.23.1-cp38-cp38-musllinux_1_1_aarch64.whl", hash = "sha256:1e3113b02fd26b665d096cbbd9d3e903fe61889ec15eaebdbd903816143073a0"},
    {file = "pydantic_core-2.23.1-cp38-cp38-musllinux_1_1_x86_64.whl", hash = "sha256:c777bf800b6b5387e3ca10b4500245bb129c2c9703b1c81f64c4b303d30d2db5"},
    {file = "pydantic_core-2.23.1-cp38-none-win32.whl", hash = "sha256:20d459252542e1300694902b960e49503dd092a79a008ca50624c0b3d1bc94f7"},
    {file = "pydantic_core-2.23.1-cp38-none-win_amd64.whl", hash = "sha256:3cb4cf38f41a7b80635debc23dcc5854bbc16cb41f64e2afb8e5cfe493fe9e46"},
    {file = "pydantic_core-2.23.1-cp39-cp39-macosx_10_12_x86_64.whl", hash = "sha256:1e3216ab36b4e41d40aecd13f0ee7724d8e7239b2c9de9c1ec36a83466f4ad55"},
    {file = "pydantic_core-2.23.1-cp39-cp39-macosx_11_0_arm64.whl", hash = "sha256:a04ec6de11e186e223de1e53a40b9c666aea2ef0108da22f899c2c45eaa9080d"},
    {file = "pydantic_core-2.23.1-cp39-cp39-manylinux_2_17_aarch64.manylinux2014_aarch64.whl", hash = "sha256:214e2128e0e4a19d390d83054c347f9d15f6dab4ab8ba377abec00d95138052d"},
    {file = "pydantic_core-2.23.1-cp39-cp39-manylinux_2_17_armv7l.manylinux2014_armv7l.whl", hash = "sha256:073bf07ce7626e4472df9428cebb0f692ed15b3128f83eb559ed9df81b8223c7"},
    {file = "pydantic_core-2.23.1-cp39-cp39-manylinux_2_17_ppc64le.manylinux2014_ppc64le.whl", hash = "sha256:b4de2710e8acd4ce38265f62a71b47fdd132a324145ab3d41cb0ca5f52b7401f"},
    {file = "pydantic_core-2.23.1-cp39-cp39-manylinux_2_17_s390x.manylinux2014_s390x.whl", hash = "sha256:0b869f48d46ee9e77a25ea4ee479c2d463322e799aec41c284f6e9c9e0c1d2a7"},
    {file = "pydantic_core-2.23.1-cp39-cp39-manylinux_2_17_x86_64.manylinux2014_x86_64.whl", hash = "sha256:ddc182839d40f2f3bd63b606da9f135c9a03dd09bb3b42a3cfaff47f2145547a"},
    {file = "pydantic_core-2.23.1-cp39-cp39-manylinux_2_5_i686.manylinux1_i686.whl", hash = "sha256:ebc1067e85c3785c4b170da816629ea5247bbdbd403b94d795c572828441a8ef"},
    {file = "pydantic_core-2.23.1-cp39-cp39-musllinux_1_1_aarch64.whl", hash = "sha256:1c115d0d965a0dc36ab7afb2e48af493d3a72ae40e12c2de6aaf7295a919f0d9"},
    {file = "pydantic_core-2.23.1-cp39-cp39-musllinux_1_1_x86_64.whl", hash = "sha256:9ed6f1f62d8e209a8d78bc1c8cee1e73642bb5985a6bc4a18fc0d9e59fd926f1"},
    {file = "pydantic_core-2.23.1-cp39-none-win32.whl", hash = "sha256:dd3eeee9e81c4bef82460d86a01e67249c715a41797e14cca286eb2006260c41"},
    {file = "pydantic_core-2.23.1-cp39-none-win_amd64.whl", hash = "sha256:6c8a21cfaacb38ff5478f72e634a2a4ad178662ca57f32279ad743708b1aa36b"},
    {file = "pydantic_core-2.23.1-pp310-pypy310_pp73-macosx_10_12_x86_64.whl", hash = "sha256:9c9581fb2dee020c7fbfef4ec5e5ddbed47f42a7f29f3e99f628caf815498502"},
    {file = "pydantic_core-2.23.1-pp310-pypy310_pp73-macosx_11_0_arm64.whl", hash = "sha256:b078d67accfe0b8b00dfea6c86826f95568ed0fa363881701145bd04b64c13ab"},
    {file = "pydantic_core-2.23.1-pp310-pypy310_pp73-manylinux_2_17_aarch64.manylinux2014_aarch64.whl", hash = "sha256:e9ed8f911c595b731c80c3744f393ed0ac8625d3c5bce83859513d509ada60ec"},
    {file = "pydantic_core-2.23.1-pp310-pypy310_pp73-manylinux_2_17_x86_64.manylinux2014_x86_64.whl", hash = "sha256:3aa1e807f455cbcfea6cff6d567dd9483924691e9b24e68f52fefd04b56486b4"},
    {file = "pydantic_core-2.23.1-pp310-pypy310_pp73-manylinux_2_5_i686.manylinux1_i686.whl", hash = "sha256:f21cfb7a8b102ec641d6de8636850fc62971e11f85569448de7ebfe27dd6b129"},
    {file = "pydantic_core-2.23.1-pp310-pypy310_pp73-musllinux_1_1_aarch64.whl", hash = "sha256:2c85a302402b0400dcc1dfab6bf21b4ad6bacb5dfda273b227d7e90ee56f6490"},
    {file = "pydantic_core-2.23.1-pp310-pypy310_pp73-musllinux_1_1_x86_64.whl", hash = "sha256:265e50d461022b5f1c23fd6cf3d4e899ab5ecb36450488e3f9c464f07ff3834e"},
    {file = "pydantic_core-2.23.1-pp310-pypy310_pp73-win_amd64.whl", hash = "sha256:29363ba693c0ca24f6094b21e174d2353dfe5747c0b8f55dcd4b1ae5b392332c"},
    {file = "pydantic_core-2.23.1-pp39-pypy39_pp73-macosx_10_12_x86_64.whl", hash = "sha256:8be3009cd73964ae56a23f7e09248ff0cb2d153a7ad11ecd5e1fff5b03935b47"},
    {file = "pydantic_core-2.23.1-pp39-pypy39_pp73-macosx_11_0_arm64.whl", hash = "sha256:3571a95cd4ebca483752c32aadc422e3b81e5998ae0505a2af3e563f93a67a2b"},
    {file = "pydantic_core-2.23.1-pp39-pypy39_pp73-manylinux_2_17_aarch64.manylinux2014_aarch64.whl", hash = "sha256:373d9b63b22436d53b383bf96239d4ac14c8469ccfa8b5b75d698140a87d2f2f"},
    {file = "pydantic_core-2.23.1-pp39-pypy39_pp73-manylinux_2_17_x86_64.manylinux2014_x86_64.whl", hash = "sha256:6a3fb2116337bcb4a75c4d4ead1944ee433e9bd3265c1505416d939005f4a5fc"},
    {file = "pydantic_core-2.23.1-pp39-pypy39_pp73-manylinux_2_5_i686.manylinux1_i686.whl", hash = "sha256:ce5528e81bdae0b8ba707121a3bd59325686c377aaa65db7f7d99333c2f98b4e"},
    {file = "pydantic_core-2.23.1-pp39-pypy39_pp73-musllinux_1_1_aarch64.whl", hash = "sha256:4fd499a82ee3dabb5e5f346de7c73144e0486e8bc9bc62318cd8561695e6244c"},
    {file = "pydantic_core-2.23.1-pp39-pypy39_pp73-musllinux_1_1_x86_64.whl", hash = "sha256:16fe8b72776c3f99c0f61c76312c2aedf270bf2edd9893e074bb39e477cd7fa5"},
    {file = "pydantic_core-2.23.1-pp39-pypy39_pp73-win_amd64.whl", hash = "sha256:29232456ca7fba105740a3eea460e2d7c96cd907727ea54f515f978f6064967d"},
    {file = "pydantic_core-2.23.1.tar.gz", hash = "sha256:12543919dbf3021e17b9e2cd5cd1b570c6585794fa487339b5b95564b9689452"},
]

[package.dependencies]
typing-extensions = ">=4.6.0,<4.7.0 || >4.7.0"

[[package]]
name = "pydantic-xml"
version = "2.12.1"
description = "pydantic xml extension"
optional = false
python-versions = ">=3.8"
files = [
    {file = "pydantic_xml-2.12.1-py3-none-any.whl", hash = "sha256:5de8394dde00d00a899b85fd8e0b915e6f144a068675d8efcbaa225fdcce3880"},
    {file = "pydantic_xml-2.12.1.tar.gz", hash = "sha256:31623e9b287ef9eb1dda4caa92e893e3ac977f0327e1d76fd8a36879e455cea1"},
]

[package.dependencies]
pydantic = ">=2.6.0"
pydantic-core = ">=2.15.0"

[package.extras]
docs = ["Sphinx (>=5.3.0,<6.0.0)", "furo (>=2022.12.7,<2023.0.0)", "sphinx-copybutton (>=0.5.1,<0.6.0)", "sphinx_design (>=0.3.0,<0.4.0)", "toml (>=0.10.2,<0.11.0)"]
lxml = ["lxml (>=4.9.0)"]

[[package]]
name = "pytest"
version = "8.3.2"
description = "pytest: simple powerful testing with Python"
optional = false
python-versions = ">=3.8"
files = [
    {file = "pytest-8.3.2-py3-none-any.whl", hash = "sha256:4ba08f9ae7dcf84ded419494d229b48d0903ea6407b030eaec46df5e6a73bba5"},
    {file = "pytest-8.3.2.tar.gz", hash = "sha256:c132345d12ce551242c87269de812483f5bcc87cdbb4722e48487ba194f9fdce"},
]

[package.dependencies]
colorama = {version = "*", markers = "sys_platform == \"win32\""}
iniconfig = "*"
packaging = "*"
pluggy = ">=1.5,<2"

[package.extras]
dev = ["argcomplete", "attrs (>=19.2)", "hypothesis (>=3.56)", "mock", "pygments (>=2.7.2)", "requests", "setuptools", "xmlschema"]

[[package]]
name = "pyyaml"
version = "6.0.2"
description = "YAML parser and emitter for Python"
optional = false
python-versions = ">=3.8"
files = [
    {file = "PyYAML-6.0.2-cp310-cp310-macosx_10_9_x86_64.whl", hash = "sha256:0a9a2848a5b7feac301353437eb7d5957887edbf81d56e903999a75a3d743086"},
    {file = "PyYAML-6.0.2-cp310-cp310-macosx_11_0_arm64.whl", hash = "sha256:29717114e51c84ddfba879543fb232a6ed60086602313ca38cce623c1d62cfbf"},
    {file = "PyYAML-6.0.2-cp310-cp310-manylinux_2_17_aarch64.manylinux2014_aarch64.whl", hash = "sha256:8824b5a04a04a047e72eea5cec3bc266db09e35de6bdfe34c9436ac5ee27d237"},
    {file = "PyYAML-6.0.2-cp310-cp310-manylinux_2_17_s390x.manylinux2014_s390x.whl", hash = "sha256:7c36280e6fb8385e520936c3cb3b8042851904eba0e58d277dca80a5cfed590b"},
    {file = "PyYAML-6.0.2-cp310-cp310-manylinux_2_17_x86_64.manylinux2014_x86_64.whl", hash = "sha256:ec031d5d2feb36d1d1a24380e4db6d43695f3748343d99434e6f5f9156aaa2ed"},
    {file = "PyYAML-6.0.2-cp310-cp310-musllinux_1_1_aarch64.whl", hash = "sha256:936d68689298c36b53b29f23c6dbb74de12b4ac12ca6cfe0e047bedceea56180"},
    {file = "PyYAML-6.0.2-cp310-cp310-musllinux_1_1_x86_64.whl", hash = "sha256:23502f431948090f597378482b4812b0caae32c22213aecf3b55325e049a6c68"},
    {file = "PyYAML-6.0.2-cp310-cp310-win32.whl", hash = "sha256:2e99c6826ffa974fe6e27cdb5ed0021786b03fc98e5ee3c5bfe1fd5015f42b99"},
    {file = "PyYAML-6.0.2-cp310-cp310-win_amd64.whl", hash = "sha256:a4d3091415f010369ae4ed1fc6b79def9416358877534caf6a0fdd2146c87a3e"},
    {file = "PyYAML-6.0.2-cp311-cp311-macosx_10_9_x86_64.whl", hash = "sha256:cc1c1159b3d456576af7a3e4d1ba7e6924cb39de8f67111c735f6fc832082774"},
    {file = "PyYAML-6.0.2-cp311-cp311-macosx_11_0_arm64.whl", hash = "sha256:1e2120ef853f59c7419231f3bf4e7021f1b936f6ebd222406c3b60212205d2ee"},
    {file = "PyYAML-6.0.2-cp311-cp311-manylinux_2_17_aarch64.manylinux2014_aarch64.whl", hash = "sha256:5d225db5a45f21e78dd9358e58a98702a0302f2659a3c6cd320564b75b86f47c"},
    {file = "PyYAML-6.0.2-cp311-cp311-manylinux_2_17_s390x.manylinux2014_s390x.whl", hash = "sha256:5ac9328ec4831237bec75defaf839f7d4564be1e6b25ac710bd1a96321cc8317"},
    {file = "PyYAML-6.0.2-cp311-cp311-manylinux_2_17_x86_64.manylinux2014_x86_64.whl", hash = "sha256:3ad2a3decf9aaba3d29c8f537ac4b243e36bef957511b4766cb0057d32b0be85"},
    {file = "PyYAML-6.0.2-cp311-cp311-musllinux_1_1_aarch64.whl", hash = "sha256:ff3824dc5261f50c9b0dfb3be22b4567a6f938ccce4587b38952d85fd9e9afe4"},
    {file = "PyYAML-6.0.2-cp311-cp311-musllinux_1_1_x86_64.whl", hash = "sha256:797b4f722ffa07cc8d62053e4cff1486fa6dc094105d13fea7b1de7d8bf71c9e"},
    {file = "PyYAML-6.0.2-cp311-cp311-win32.whl", hash = "sha256:11d8f3dd2b9c1207dcaf2ee0bbbfd5991f571186ec9cc78427ba5bd32afae4b5"},
    {file = "PyYAML-6.0.2-cp311-cp311-win_amd64.whl", hash = "sha256:e10ce637b18caea04431ce14fabcf5c64a1c61ec9c56b071a4b7ca131ca52d44"},
    {file = "PyYAML-6.0.2-cp312-cp312-macosx_10_9_x86_64.whl", hash = "sha256:c70c95198c015b85feafc136515252a261a84561b7b1d51e3384e0655ddf25ab"},
    {file = "PyYAML-6.0.2-cp312-cp312-macosx_11_0_arm64.whl", hash = "sha256:ce826d6ef20b1bc864f0a68340c8b3287705cae2f8b4b1d932177dcc76721725"},
    {file = "PyYAML-6.0.2-cp312-cp312-manylinux_2_17_aarch64.manylinux2014_aarch64.whl", hash = "sha256:1f71ea527786de97d1a0cc0eacd1defc0985dcf6b3f17bb77dcfc8c34bec4dc5"},
    {file = "PyYAML-6.0.2-cp312-cp312-manylinux_2_17_s390x.manylinux2014_s390x.whl", hash = "sha256:9b22676e8097e9e22e36d6b7bda33190d0d400f345f23d4065d48f4ca7ae0425"},
    {file = "PyYAML-6.0.2-cp312-cp312-manylinux_2_17_x86_64.manylinux2014_x86_64.whl", hash = "sha256:80bab7bfc629882493af4aa31a4cfa43a4c57c83813253626916b8c7ada83476"},
    {file = "PyYAML-6.0.2-cp312-cp312-musllinux_1_1_aarch64.whl", hash = "sha256:0833f8694549e586547b576dcfaba4a6b55b9e96098b36cdc7ebefe667dfed48"},
    {file = "PyYAML-6.0.2-cp312-cp312-musllinux_1_1_x86_64.whl", hash = "sha256:8b9c7197f7cb2738065c481a0461e50ad02f18c78cd75775628afb4d7137fb3b"},
    {file = "PyYAML-6.0.2-cp312-cp312-win32.whl", hash = "sha256:ef6107725bd54b262d6dedcc2af448a266975032bc85ef0172c5f059da6325b4"},
    {file = "PyYAML-6.0.2-cp312-cp312-win_amd64.whl", hash = "sha256:7e7401d0de89a9a855c839bc697c079a4af81cf878373abd7dc625847d25cbd8"},
    {file = "PyYAML-6.0.2-cp313-cp313-macosx_10_13_x86_64.whl", hash = "sha256:efdca5630322a10774e8e98e1af481aad470dd62c3170801852d752aa7a783ba"},
    {file = "PyYAML-6.0.2-cp313-cp313-macosx_11_0_arm64.whl", hash = "sha256:50187695423ffe49e2deacb8cd10510bc361faac997de9efef88badc3bb9e2d1"},
    {file = "PyYAML-6.0.2-cp313-cp313-manylinux_2_17_aarch64.manylinux2014_aarch64.whl", hash = "sha256:0ffe8360bab4910ef1b9e87fb812d8bc0a308b0d0eef8c8f44e0254ab3b07133"},
    {file = "PyYAML-6.0.2-cp313-cp313-manylinux_2_17_s390x.manylinux2014_s390x.whl", hash = "sha256:17e311b6c678207928d649faa7cb0d7b4c26a0ba73d41e99c4fff6b6c3276484"},
    {file = "PyYAML-6.0.2-cp313-cp313-manylinux_2_17_x86_64.manylinux2014_x86_64.whl", hash = "sha256:70b189594dbe54f75ab3a1acec5f1e3faa7e8cf2f1e08d9b561cb41b845f69d5"},
    {file = "PyYAML-6.0.2-cp313-cp313-musllinux_1_1_aarch64.whl", hash = "sha256:41e4e3953a79407c794916fa277a82531dd93aad34e29c2a514c2c0c5fe971cc"},
    {file = "PyYAML-6.0.2-cp313-cp313-musllinux_1_1_x86_64.whl", hash = "sha256:68ccc6023a3400877818152ad9a1033e3db8625d899c72eacb5a668902e4d652"},
    {file = "PyYAML-6.0.2-cp313-cp313-win32.whl", hash = "sha256:bc2fa7c6b47d6bc618dd7fb02ef6fdedb1090ec036abab80d4681424b84c1183"},
    {file = "PyYAML-6.0.2-cp313-cp313-win_amd64.whl", hash = "sha256:8388ee1976c416731879ac16da0aff3f63b286ffdd57cdeb95f3f2e085687563"},
    {file = "PyYAML-6.0.2-cp38-cp38-macosx_10_9_x86_64.whl", hash = "sha256:24471b829b3bf607e04e88d79542a9d48bb037c2267d7927a874e6c205ca7e9a"},
    {file = "PyYAML-6.0.2-cp38-cp38-manylinux_2_17_aarch64.manylinux2014_aarch64.whl", hash = "sha256:d7fded462629cfa4b685c5416b949ebad6cec74af5e2d42905d41e257e0869f5"},
    {file = "PyYAML-6.0.2-cp38-cp38-manylinux_2_17_s390x.manylinux2014_s390x.whl", hash = "sha256:d84a1718ee396f54f3a086ea0a66d8e552b2ab2017ef8b420e92edbc841c352d"},
    {file = "PyYAML-6.0.2-cp38-cp38-manylinux_2_17_x86_64.manylinux2014_x86_64.whl", hash = "sha256:9056c1ecd25795207ad294bcf39f2db3d845767be0ea6e6a34d856f006006083"},
    {file = "PyYAML-6.0.2-cp38-cp38-musllinux_1_1_x86_64.whl", hash = "sha256:82d09873e40955485746739bcb8b4586983670466c23382c19cffecbf1fd8706"},
    {file = "PyYAML-6.0.2-cp38-cp38-win32.whl", hash = "sha256:43fa96a3ca0d6b1812e01ced1044a003533c47f6ee8aca31724f78e93ccc089a"},
    {file = "PyYAML-6.0.2-cp38-cp38-win_amd64.whl", hash = "sha256:01179a4a8559ab5de078078f37e5c1a30d76bb88519906844fd7bdea1b7729ff"},
    {file = "PyYAML-6.0.2-cp39-cp39-macosx_10_9_x86_64.whl", hash = "sha256:688ba32a1cffef67fd2e9398a2efebaea461578b0923624778664cc1c914db5d"},
    {file = "PyYAML-6.0.2-cp39-cp39-macosx_11_0_arm64.whl", hash = "sha256:a8786accb172bd8afb8be14490a16625cbc387036876ab6ba70912730faf8e1f"},
    {file = "PyYAML-6.0.2-cp39-cp39-manylinux_2_17_aarch64.manylinux2014_aarch64.whl", hash = "sha256:d8e03406cac8513435335dbab54c0d385e4a49e4945d2909a581c83647ca0290"},
    {file = "PyYAML-6.0.2-cp39-cp39-manylinux_2_17_s390x.manylinux2014_s390x.whl", hash = "sha256:f753120cb8181e736c57ef7636e83f31b9c0d1722c516f7e86cf15b7aa57ff12"},
    {file = "PyYAML-6.0.2-cp39-cp39-manylinux_2_17_x86_64.manylinux2014_x86_64.whl", hash = "sha256:3b1fdb9dc17f5a7677423d508ab4f243a726dea51fa5e70992e59a7411c89d19"},
    {file = "PyYAML-6.0.2-cp39-cp39-musllinux_1_1_aarch64.whl", hash = "sha256:0b69e4ce7a131fe56b7e4d770c67429700908fc0752af059838b1cfb41960e4e"},
    {file = "PyYAML-6.0.2-cp39-cp39-musllinux_1_1_x86_64.whl", hash = "sha256:a9f8c2e67970f13b16084e04f134610fd1d374bf477b17ec1599185cf611d725"},
    {file = "PyYAML-6.0.2-cp39-cp39-win32.whl", hash = "sha256:6395c297d42274772abc367baaa79683958044e5d3835486c16da75d2a694631"},
    {file = "PyYAML-6.0.2-cp39-cp39-win_amd64.whl", hash = "sha256:39693e1f8320ae4f43943590b49779ffb98acb81f788220ea932a6b6c51004d8"},
    {file = "pyyaml-6.0.2.tar.gz", hash = "sha256:d584d9ec91ad65861cc08d42e834324ef890a082e591037abe114850ff7bbc3e"},
]

[[package]]
name = "typing-extensions"
version = "4.12.2"
description = "Backported and Experimental Type Hints for Python 3.8+"
optional = false
python-versions = ">=3.8"
files = [
    {file = "typing_extensions-4.12.2-py3-none-any.whl", hash = "sha256:04e5ca0351e0f3f85c6853954072df659d0d13fac324d0072316b67d7794700d"},
    {file = "typing_extensions-4.12.2.tar.gz", hash = "sha256:1a7ead55c7e559dd4dee8856e3a88b41225abfe1ce8df57b7c13915fe121ffb8"},
]

[[package]]
name = "tzdata"
version = "2024.1"
description = "Provider of IANA time zone data"
optional = false
python-versions = ">=2"
files = [
    {file = "tzdata-2024.1-py2.py3-none-any.whl", hash = "sha256:9068bc196136463f5245e51efda838afa15aaeca9903f49050dfa2679db4d252"},
    {file = "tzdata-2024.1.tar.gz", hash = "sha256:2674120f8d891909751c38abcdfd386ac0a5a1127954fbc332af6b5ceae07efd"},
]

[[package]]
name = "virtualenv"
version = "20.26.3"
description = "Virtual Python Environment builder"
optional = false
python-versions = ">=3.7"
files = [
    {file = "virtualenv-20.26.3-py3-none-any.whl", hash = "sha256:8cc4a31139e796e9a7de2cd5cf2489de1217193116a8fd42328f1bd65f434589"},
    {file = "virtualenv-20.26.3.tar.gz", hash = "sha256:4c43a2a236279d9ea36a0d76f98d84bd6ca94ac4e0f4a3b9d46d05e10fea542a"},
]

[package.dependencies]
distlib = ">=0.3.7,<1"
filelock = ">=3.12.2,<4"
platformdirs = ">=3.9.1,<5"

[package.extras]
docs = ["furo (>=2023.7.26)", "proselint (>=0.13)", "sphinx (>=7.1.2,!=7.3)", "sphinx-argparse (>=0.4)", "sphinxcontrib-towncrier (>=0.2.1a0)", "towncrier (>=23.6)"]
test = ["covdefaults (>=2.3)", "coverage (>=7.2.7)", "coverage-enable-subprocess (>=1)", "flaky (>=3.7)", "packaging (>=23.1)", "pytest (>=7.4)", "pytest-env (>=0.8.2)", "pytest-freezer (>=0.4.8)", "pytest-mock (>=3.11.1)", "pytest-randomly (>=3.12)", "pytest-timeout (>=2.1)", "setuptools (>=68)", "time-machine (>=2.10)"]

[metadata]
lock-version = "2.0"
python-versions = ">=3.11"
content-hash = "09c0288a37186420d297699a8052dc5ceb0d6ad2bc8b9a0a4f2b308bc976897b"
